
Microsoft Visual Studio Solution File, Format Version 12.00
Project("{FAE04EC0-301F-11D3-BF4B-00C04F79EFBC}") = "FastDiContainer", "FastDiContainer\FastDiContainer.csproj", "{E7C587FD-4FFE-4EE4-BC80-BE9F0F162566}"
EndProject
Project("{FAE04EC0-301F-11D3-BF4B-00C04F79EFBC}") = "FastDiContainer.Programs", "FastDiContainer.Programs\FastDiContainer.Programs.csproj", "{7EBD1DDC-19D2-4171-98D2-32BF4CCC45C2}"
EndProject
Project("{FAE04EC0-301F-11D3-BF4B-00C04F79EFBC}") = "FastDiContainer.Tests", "FastDiContainer.Tests\FastDiContainer.Tests.csproj", "{7B3ABEF0-F68B-4A12-B8AD-3E9DB0EDFBE0}"
EndProject
Global
	GlobalSection(SolutionConfigurationPlatforms) = preSolution
		Debug|Any CPU = Debug|Any CPU
		Release|Any CPU = Release|Any CPU
	EndGlobalSection
	GlobalSection(ProjectConfigurationPlatforms) = postSolution
		{E7C587FD-4FFE-4EE4-BC80-BE9F0F162566}.Debug|Any CPU.ActiveCfg = Debug|Any CPU
		{E7C587FD-4FFE-4EE4-BC80-BE9F0F162566}.Debug|Any CPU.Build.0 = Debug|Any CPU
		{E7C587FD-4FFE-4EE4-BC80-BE9F0F162566}.Release|Any CPU.ActiveCfg = Release|Any CPU
		{E7C587FD-4FFE-4EE4-BC80-BE9F0F162566}.Release|Any CPU.Build.0 = Release|Any CPU
		{7EBD1DDC-19D2-4171-98D2-32BF4CCC45C2}.Debug|Any CPU.ActiveCfg = Debug|Any CPU
		{7EBD1DDC-19D2-4171-98D2-32BF4CCC45C2}.Debug|Any CPU.Build.0 = Debug|Any CPU
		{7EBD1DDC-19D2-4171-98D2-32BF4CCC45C2}.Release|Any CPU.ActiveCfg = Release|Any CPU
		{7EBD1DDC-19D2-4171-98D2-32BF4CCC45C2}.Release|Any CPU.Build.0 = Release|Any CPU
		{7B3ABEF0-F68B-4A12-B8AD-3E9DB0EDFBE0}.Debug|Any CPU.ActiveCfg = Debug|Any CPU
		{7B3ABEF0-F68B-4A12-B8AD-3E9DB0EDFBE0}.Debug|Any CPU.Build.0 = Debug|Any CPU
		{7B3ABEF0-F68B-4A12-B8AD-3E9DB0EDFBE0}.Release|Any CPU.ActiveCfg = Release|Any CPU
		{7B3ABEF0-F68B-4A12-B8AD-3E9DB0EDFBE0}.Release|Any CPU.Build.0 = Release|Any CPU
	EndGlobalSection
EndGlobal
